
Microsoft Visual Studio Solution File, Format Version 12.00
# Visual Studio Version 17
VisualStudioVersion = 17.7.34221.43
MinimumVisualStudioVersion = 10.0.40219.1
Project("{FAE04EC0-301F-11D3-BF4B-00C04F79EFBC}") = "proyecto1-Calculadora", "proyecto1-Calculadora\proyecto1-Calculadora.csproj", "{729B4045-DD00-4523-AFF9-1F2CC21B3B05}"
EndProject
Global
	GlobalSection(SolutionConfigurationPlatforms) = preSolution
		Debug|Any CPU = Debug|Any CPU
		Release|Any CPU = Release|Any CPU
	EndGlobalSection
	GlobalSection(ProjectConfigurationPlatforms) = postSolution
		{729B4045-DD00-4523-AFF9-1F2CC21B3B05}.Debug|Any CPU.ActiveCfg = Debug|Any CPU
		{729B4045-DD00-4523-AFF9-1F2CC21B3B05}.Debug|Any CPU.Build.0 = Debug|Any CPU
		{729B4045-DD00-4523-AFF9-1F2CC21B3B05}.Release|Any CPU.ActiveCfg = Release|Any CPU
		{729B4045-DD00-4523-AFF9-1F2CC21B3B05}.Release|Any CPU.Build.0 = Release|Any CPU
	EndGlobalSection
	GlobalSection(SolutionProperties) = preSolution
		HideSolutionNode = FALSE
	EndGlobalSection
	GlobalSection(ExtensibilityGlobals) = postSolution
		SolutionGuid = {7A6CE833-9C5B-4EC5-BE32-8BB771CA2EF8}
	EndGlobalSection
EndGlobal
